{
  "version": 2,
  "dependencies": {
    "net8.0": {
      "Microsoft.Data.Sqlite.Core": {
        "type": "Transitive",
        "resolved": "8.0.31",
        "contentHash": "o6muD6VLO/Et5Cmi5UGSvj5cwjTpc26/OP6z96+4aK4YhCmKlSHkFTEKCiR/JzDDI6E/qrkfEt9ybu9J0tiKrQ==",
        "dependencies": {
          "SQLitePCLRaw.core": "2.1.12"
        }
      },
      "SQLitePCLRaw.bundle_e_sqlite3": {
        "type": "Transitive",
        "resolved": "2.1.12",
        "contentHash": "mAgscpQMLw5/nfA1Q5oJVAT29yROUo1ifZGbbTpx/lwZpSxMUGoYbKfmvdm8oXER+RzxqBmmQzeBEVKfeHv2nw==",
        "dependencies": {
          "SQLitePCLRaw.lib.e_sqlite3": "2.1.12",
          "SQLitePCLRaw.provider.e_sqlite3": "2.1.12"
        }
      },
      "SQLitePCLRaw.core": {
        "type": "Transitive",
        "resolved": "2.1.12",
        "contentHash": "ETpNw9DY3ckWLgRRAeCHj+GKOuPi61aeczkXhgHexUvqoZBAYg8RYESE2J7O1M7+o6QbdSEZwrw9bfqztUVWXg==",
        "dependencies": {
          "System.Memory": "4.5.3"
        }
      },
      "SQLitePCLRaw.lib.e_sqlite3": {
        "type": "Transitive",
        "resolved": "2.1.12",
        "contentHash": "fWi8Dbknuhgg72fWinIdjXVaqO1hHL4YBBwVLnr7e1c9TAZwJ0QE38j9syW1hwx6HaqEVTwI+O07WPdZn8Rp0w=="
      },
      "SQLitePCLRaw.provider.e_sqlite3": {
        "type": "Transitive",
        "resolved": "2.1.12",
        "contentHash": "W3oH4XIfCzFrgUSDKHhN6N+dgzA5YHOR2VxX8GB6Qy7CyrJJgxPEG8NirgYWlPQC5P2jz2knSsexWu4tDUL33g==",
        "dependencies": {
          "SQLitePCLRaw.core": "2.1.12"
        }
      },
      "System.Memory": {
        "type": "Transitive",
        "resolved": "4.5.3",
        "contentHash": "3oDzvc/zzetpTKWMShs1AADwZjQ/36HnsufHRPcOjyRAAMLDlu2iD33MBI2opxnezcVUtXyqDXXjoFMOU9c7SA=="
      },
      "supportsatchel.core": {
        "type": "Project",
        "dependencies": {
          "Microsoft.Data.Sqlite": "[8.0.31, )"
        }
      },
      "Microsoft.Data.Sqlite": {
        "type": "CentralTransitive",
        "requested": "[8.0.31, )",
        "resolved": "8.0.31",
        "contentHash": "WBM+0lBcUKeItKCAdBuTariYoV2tAICxE4FSzFDxlZXx9mO1YSr9NBD7vX2tYrKCHKOhpdwVJPa7fMD6zVHDjw==",
        "dependencies": {
          "Microsoft.Data.Sqlite.Core": "8.0.31",
          "SQLitePCLRaw.bundle_e_sqlite3": "2.1.12"
        }
      }
    }
  }
}